
Microsoft Visual Studio Solution File, Format Version 12.00
# Visual Studio Version 17
VisualStudioVersion = 17.9.34902.65
MinimumVisualStudioVersion = 10.0.40219.1
Project("{FAE04EC0-301F-11D3-BF4B-00C04F79EFBC}") = "10504", "10504.csproj", "{BF9C028A-4D24-467C-A228-F7047B9688CA}"
EndProject
Global
	GlobalSection(SolutionConfigurationPlatforms) = preSolution
		Debug|Any CPU = Debug|Any CPU
		Release|Any CPU = Release|Any CPU
	EndGlobalSection
	GlobalSection(ProjectConfigurationPlatforms) = postSolution
		{BF9C028A-4D24-467C-A228-F7047B9688CA}.Debug|Any CPU.ActiveCfg = Debug|Any CPU
		{BF9C028A-4D24-467C-A228-F7047B9688CA}.Debug|Any CPU.Build.0 = Debug|Any CPU
		{BF9C028A-4D24-467C-A228-F7047B9688CA}.Release|Any CPU.ActiveCfg = Release|Any CPU
		{BF9C028A-4D24-467C-A228-F7047B9688CA}.Release|Any CPU.Build.0 = Release|Any CPU
	EndGlobalSection
	GlobalSection(SolutionProperties) = preSolution
		HideSolutionNode = FALSE
	EndGlobalSection
	GlobalSection(ExtensibilityGlobals) = postSolution
		SolutionGuid = {47C6DDFE-4C29-4A55-9A95-8EF9FEE2445E}
	EndGlobalSection
EndGlobal
