
Microsoft Visual Studio Solution File, Format Version 12.00
# Visual Studio Version 17
VisualStudioVersion = 17.10.34928.147
MinimumVisualStudioVersion = 10.0.40219.1
Project("{FAE04EC0-301F-11D3-BF4B-00C04F79EFBC}") = "9806", "9806.csproj", "{FF0D44C1-316F-41BD-9C69-59D27B8DEA5F}"
EndProject
Global
	GlobalSection(SolutionConfigurationPlatforms) = preSolution
		Debug|Any CPU = Debug|Any CPU
		Release|Any CPU = Release|Any CPU
	EndGlobalSection
	GlobalSection(ProjectConfigurationPlatforms) = postSolution
		{FF0D44C1-316F-41BD-9C69-59D27B8DEA5F}.Debug|Any CPU.ActiveCfg = Debug|Any CPU
		{FF0D44C1-316F-41BD-9C69-59D27B8DEA5F}.Debug|Any CPU.Build.0 = Debug|Any CPU
		{FF0D44C1-316F-41BD-9C69-59D27B8DEA5F}.Release|Any CPU.ActiveCfg = Release|Any CPU
		{FF0D44C1-316F-41BD-9C69-59D27B8DEA5F}.Release|Any CPU.Build.0 = Release|Any CPU
	EndGlobalSection
	GlobalSection(SolutionProperties) = preSolution
		HideSolutionNode = FALSE
	EndGlobalSection
	GlobalSection(ExtensibilityGlobals) = postSolution
		SolutionGuid = {35CB15C0-5BCD-4A69-838C-F270617EACB3}
	EndGlobalSection
EndGlobal
