
Microsoft Visual Studio Solution File, Format Version 12.00
# Visual Studio Version 17
VisualStudioVersion = 17.10.34928.147
MinimumVisualStudioVersion = 10.0.40219.1
Project("{FAE04EC0-301F-11D3-BF4B-00C04F79EFBC}") = "11004", "11004.csproj", "{9037CEE1-ADE3-42DD-92AE-4F397264982D}"
EndProject
Global
	GlobalSection(SolutionConfigurationPlatforms) = preSolution
		Debug|Any CPU = Debug|Any CPU
		Release|Any CPU = Release|Any CPU
	EndGlobalSection
	GlobalSection(ProjectConfigurationPlatforms) = postSolution
		{9037CEE1-ADE3-42DD-92AE-4F397264982D}.Debug|Any CPU.ActiveCfg = Debug|Any CPU
		{9037CEE1-ADE3-42DD-92AE-4F397264982D}.Debug|Any CPU.Build.0 = Debug|Any CPU
		{9037CEE1-ADE3-42DD-92AE-4F397264982D}.Release|Any CPU.ActiveCfg = Release|Any CPU
		{9037CEE1-ADE3-42DD-92AE-4F397264982D}.Release|Any CPU.Build.0 = Release|Any CPU
	EndGlobalSection
	GlobalSection(SolutionProperties) = preSolution
		HideSolutionNode = FALSE
	EndGlobalSection
	GlobalSection(ExtensibilityGlobals) = postSolution
		SolutionGuid = {21E9C54A-5309-4EB5-8659-2B2A0C5B7676}
	EndGlobalSection
EndGlobal
