
Microsoft Visual Studio Solution File, Format Version 12.00
# Visual Studio Version 17
VisualStudioVersion = 17.10.34928.147
MinimumVisualStudioVersion = 10.0.40219.1
Project("{FAE04EC0-301F-11D3-BF4B-00C04F79EFBC}") = "9606", "9606.csproj", "{43CD7539-565B-40C2-A4E1-FF8A383C3C58}"
EndProject
Global
	GlobalSection(SolutionConfigurationPlatforms) = preSolution
		Debug|Any CPU = Debug|Any CPU
		Release|Any CPU = Release|Any CPU
	EndGlobalSection
	GlobalSection(ProjectConfigurationPlatforms) = postSolution
		{43CD7539-565B-40C2-A4E1-FF8A383C3C58}.Debug|Any CPU.ActiveCfg = Debug|Any CPU
		{43CD7539-565B-40C2-A4E1-FF8A383C3C58}.Debug|Any CPU.Build.0 = Debug|Any CPU
		{43CD7539-565B-40C2-A4E1-FF8A383C3C58}.Release|Any CPU.ActiveCfg = Release|Any CPU
		{43CD7539-565B-40C2-A4E1-FF8A383C3C58}.Release|Any CPU.Build.0 = Release|Any CPU
	EndGlobalSection
	GlobalSection(SolutionProperties) = preSolution
		HideSolutionNode = FALSE
	EndGlobalSection
	GlobalSection(ExtensibilityGlobals) = postSolution
		SolutionGuid = {C7E13136-7E35-4960-B229-ED41B4AE2560}
	EndGlobalSection
EndGlobal
