
Microsoft Visual Studio Solution File, Format Version 12.00
# Visual Studio Version 17
VisualStudioVersion = 17.9.34728.123
MinimumVisualStudioVersion = 10.0.40219.1
Project("{FAE04EC0-301F-11D3-BF4B-00C04F79EFBC}") = "2022 01", "2022 01.csproj", "{5060B46A-079B-40AD-82AD-189F930152FA}"
EndProject
Global
	GlobalSection(SolutionConfigurationPlatforms) = preSolution
		Debug|Any CPU = Debug|Any CPU
		Release|Any CPU = Release|Any CPU
	EndGlobalSection
	GlobalSection(ProjectConfigurationPlatforms) = postSolution
		{5060B46A-079B-40AD-82AD-189F930152FA}.Debug|Any CPU.ActiveCfg = Debug|Any CPU
		{5060B46A-079B-40AD-82AD-189F930152FA}.Debug|Any CPU.Build.0 = Debug|Any CPU
		{5060B46A-079B-40AD-82AD-189F930152FA}.Release|Any CPU.ActiveCfg = Release|Any CPU
		{5060B46A-079B-40AD-82AD-189F930152FA}.Release|Any CPU.Build.0 = Release|Any CPU
	EndGlobalSection
	GlobalSection(SolutionProperties) = preSolution
		HideSolutionNode = FALSE
	EndGlobalSection
	GlobalSection(ExtensibilityGlobals) = postSolution
		SolutionGuid = {A6DDFD18-63AF-4EB7-B513-3C5EE90C4ED8}
	EndGlobalSection
EndGlobal
