
Microsoft Visual Studio Solution File, Format Version 12.00
# Visual Studio Version 17
VisualStudioVersion = 17.10.35122.118
MinimumVisualStudioVersion = 10.0.40219.1
Project("{FAE04EC0-301F-11D3-BF4B-00C04F79EFBC}") = "9704", "9704.csproj", "{612B7BB0-E823-439A-B877-C12CF341670B}"
EndProject
Global
	GlobalSection(SolutionConfigurationPlatforms) = preSolution
		Debug|Any CPU = Debug|Any CPU
		Release|Any CPU = Release|Any CPU
	EndGlobalSection
	GlobalSection(ProjectConfigurationPlatforms) = postSolution
		{612B7BB0-E823-439A-B877-C12CF341670B}.Debug|Any CPU.ActiveCfg = Debug|Any CPU
		{612B7BB0-E823-439A-B877-C12CF341670B}.Debug|Any CPU.Build.0 = Debug|Any CPU
		{612B7BB0-E823-439A-B877-C12CF341670B}.Release|Any CPU.ActiveCfg = Release|Any CPU
		{612B7BB0-E823-439A-B877-C12CF341670B}.Release|Any CPU.Build.0 = Release|Any CPU
	EndGlobalSection
	GlobalSection(SolutionProperties) = preSolution
		HideSolutionNode = FALSE
	EndGlobalSection
	GlobalSection(ExtensibilityGlobals) = postSolution
		SolutionGuid = {CE67F56B-987D-42A9-B08A-5D60145FBEC9}
	EndGlobalSection
EndGlobal
