
Microsoft Visual Studio Solution File, Format Version 12.00
# Visual Studio Version 17
VisualStudioVersion = 17.9.34728.123
MinimumVisualStudioVersion = 10.0.40219.1
Project("{FAE04EC0-301F-11D3-BF4B-00C04F79EFBC}") = "10402", "10402.csproj", "{EBBFBCEE-EA33-404F-B89F-DD9688CB5785}"
EndProject
Global
	GlobalSection(SolutionConfigurationPlatforms) = preSolution
		Debug|Any CPU = Debug|Any CPU
		Release|Any CPU = Release|Any CPU
	EndGlobalSection
	GlobalSection(ProjectConfigurationPlatforms) = postSolution
		{EBBFBCEE-EA33-404F-B89F-DD9688CB5785}.Debug|Any CPU.ActiveCfg = Debug|Any CPU
		{EBBFBCEE-EA33-404F-B89F-DD9688CB5785}.Debug|Any CPU.Build.0 = Debug|Any CPU
		{EBBFBCEE-EA33-404F-B89F-DD9688CB5785}.Release|Any CPU.ActiveCfg = Release|Any CPU
		{EBBFBCEE-EA33-404F-B89F-DD9688CB5785}.Release|Any CPU.Build.0 = Release|Any CPU
	EndGlobalSection
	GlobalSection(SolutionProperties) = preSolution
		HideSolutionNode = FALSE
	EndGlobalSection
	GlobalSection(ExtensibilityGlobals) = postSolution
		SolutionGuid = {3520FA1F-1B3C-4813-82A7-450C5BA4ACD9}
	EndGlobalSection
EndGlobal
