
Microsoft Visual Studio Solution File, Format Version 12.00
# Visual Studio Version 17
VisualStudioVersion = 17.10.34928.147
MinimumVisualStudioVersion = 10.0.40219.1
Project("{FAE04EC0-301F-11D3-BF4B-00C04F79EFBC}") = "9901", "9901.csproj", "{A5ECC4E4-7ADF-4975-B460-87FC2239B0CA}"
EndProject
Global
	GlobalSection(SolutionConfigurationPlatforms) = preSolution
		Debug|Any CPU = Debug|Any CPU
		Release|Any CPU = Release|Any CPU
	EndGlobalSection
	GlobalSection(ProjectConfigurationPlatforms) = postSolution
		{A5ECC4E4-7ADF-4975-B460-87FC2239B0CA}.Debug|Any CPU.ActiveCfg = Debug|Any CPU
		{A5ECC4E4-7ADF-4975-B460-87FC2239B0CA}.Debug|Any CPU.Build.0 = Debug|Any CPU
		{A5ECC4E4-7ADF-4975-B460-87FC2239B0CA}.Release|Any CPU.ActiveCfg = Release|Any CPU
		{A5ECC4E4-7ADF-4975-B460-87FC2239B0CA}.Release|Any CPU.Build.0 = Release|Any CPU
	EndGlobalSection
	GlobalSection(SolutionProperties) = preSolution
		HideSolutionNode = FALSE
	EndGlobalSection
	GlobalSection(ExtensibilityGlobals) = postSolution
		SolutionGuid = {FD95825C-0B92-4FB3-8E6C-5A646CA4C8F1}
	EndGlobalSection
EndGlobal
