
Microsoft Visual Studio Solution File, Format Version 12.00
# Visual Studio Version 17
VisualStudioVersion = 17.10.35122.118
MinimumVisualStudioVersion = 10.0.40219.1
Project("{FAE04EC0-301F-11D3-BF4B-00C04F79EFBC}") = "北軟9603", "北軟9603.csproj", "{15915AA3-4306-40D2-96B2-C8ACB5B0D57A}"
EndProject
Global
	GlobalSection(SolutionConfigurationPlatforms) = preSolution
		Debug|Any CPU = Debug|Any CPU
		Release|Any CPU = Release|Any CPU
	EndGlobalSection
	GlobalSection(ProjectConfigurationPlatforms) = postSolution
		{15915AA3-4306-40D2-96B2-C8ACB5B0D57A}.Debug|Any CPU.ActiveCfg = Debug|Any CPU
		{15915AA3-4306-40D2-96B2-C8ACB5B0D57A}.Debug|Any CPU.Build.0 = Debug|Any CPU
		{15915AA3-4306-40D2-96B2-C8ACB5B0D57A}.Release|Any CPU.ActiveCfg = Release|Any CPU
		{15915AA3-4306-40D2-96B2-C8ACB5B0D57A}.Release|Any CPU.Build.0 = Release|Any CPU
	EndGlobalSection
	GlobalSection(SolutionProperties) = preSolution
		HideSolutionNode = FALSE
	EndGlobalSection
	GlobalSection(ExtensibilityGlobals) = postSolution
		SolutionGuid = {D9D8B4B2-618D-4ED5-88DE-9C985A63F711}
	EndGlobalSection
EndGlobal
